# THIS IS AN AUTOGENERATED FILE. DO NOT EDIT THIS FILE DIRECTLY.
# yarn lockfile v1


gojs@^2.3.7:
  version "2.3.7"
  resolved "https://registry.yarnpkg.com/gojs/-/gojs-2.3.7.tgz#7b473e34c698cedf1e1d1bc9c031c25f4761a5a8"
  integrity sha512-UX/2G8IeU4GErAo3ZCtkSpTJ6xvIqr5TOoJGjPLJ4DRukDweVk78scsE99wohZC2oqDOIrKEathUmHiskRGong==
